// !$*UTF8*$!
{
	archiveVersion = 1;
	classes = {
	};
	objectVersion = 56;
	objects = {

/* Begin PBXBuildFile section */
		167FB8792E15784200DD7BF4 /* SettingsView.swift in Sources */ = {isa = PBXBuildFile; fileRef = 167FB8782E15784200DD7BF4 /* SettingsView.swift */; };
		167FB87D2E15796A00DD7BF4 /* UserSettings.swift in Sources */ = {isa = PBXBuildFile; fileRef = 167FB87C2E15796A00DD7BF4 /* UserSettings.swift */; };
		167FB87F2E15799900DD7BF4 /* LocalizationHelper.swift in Sources */ = {isa = PBXBuildFile; fileRef = 167FB87E2E15799900DD7BF4 /* LocalizationHelper.swift */; };
		167FB8832E15E94300DD7BF4 /* NotificationManager.swift in Sources */ = {isa = PBXBuildFile; fileRef = 167FB8822E15E94300DD7BF4 /* NotificationManager.swift */; };
		1B2C3D4E2B1234567890ABCD /* DebtTrackerApp.swift in Sources */ = {isa = PBXBuildFile; fileRef = 1B2C3D4D2B1234567890ABCD /* DebtTrackerApp.swift */; };
		1B2C3D502B1234567890ABCD /* ContentView.swift in Sources */ = {isa = PBXBuildFile; fileRef = 1B2C3D4F2B1234567890ABCD /* ContentView.swift */; };
		1B2C3D522B1234567890ABCD /* Assets.xcassets in Resources */ = {isa = PBXBuildFile; fileRef = 1B2C3D512B1234567890ABCD /* Assets.xcassets */; };
		1B2C3D552B1234567890ABCD /* Preview Assets.xcassets in Resources */ = {isa = PBXBuildFile; fileRef = 1B2C3D542B1234567890ABCD /* Preview Assets.xcassets */; };
		1B2C3D5C2B1234567890ABCE /* Debt.swift in Sources */ = {isa = PBXBuildFile; fileRef = 1B2C3D5B2B1234567890ABCE /* Debt.swift */; };
		1B2C3D5E2B1234567890ABCF /* DebtListView.swift in Sources */ = {isa = PBXBuildFile; fileRef = 1B2C3D5D2B1234567890ABCF /* DebtListView.swift */; };
		1B2C3D602B1234567890ABD0 /* AddDebtView.swift in Sources */ = {isa = PBXBuildFile; fileRef = 1B2C3D5F2B1234567890ABD0 /* AddDebtView.swift */; };
		1B2C3D622B1234567890ABD1 /* DebtDetailView.swift in Sources */ = {isa = PBXBuildFile; fileRef = 1B2C3D612B1234567890ABD1 /* DebtDetailView.swift */; };
		1B2C3D642B1234567890ABD2 /* DebtStore.swift in Sources */ = {isa = PBXBuildFile; fileRef = 1B2C3D632B1234567890ABD2 /* DebtStore.swift */; };
/* End PBXBuildFile section */

/* Begin PBXFileReference section */
		167FB8782E15784200DD7BF4 /* SettingsView.swift */ = {isa = PBXFileReference; lastKnownFileType = sourcecode.swift; path = SettingsView.swift; sourceTree = "<group>"; };
		167FB87C2E15796A00DD7BF4 /* UserSettings.swift */ = {isa = PBXFileReference; lastKnownFileType = sourcecode.swift; path = UserSettings.swift; sourceTree = "<group>"; };
		167FB87E2E15799900DD7BF4 /* LocalizationHelper.swift */ = {isa = PBXFileReference; lastKnownFileType = sourcecode.swift; path = LocalizationHelper.swift; sourceTree = "<group>"; };
		167FB8822E15E94300DD7BF4 /* NotificationManager.swift */ = {isa = PBXFileReference; lastKnownFileType = sourcecode.swift; path = NotificationManager.swift; sourceTree = "<group>"; };
		1B2C3D4A2B1234567890ABCD /* DebtTracker.app */ = {isa = PBXFileReference; explicitFileType = wrapper.application; includeInIndex = 0; path = DebtTracker.app; sourceTree = BUILT_PRODUCTS_DIR; };
		1B2C3D4D2B1234567890ABCD /* DebtTrackerApp.swift */ = {isa = PBXFileReference; lastKnownFileType = sourcecode.swift; path = DebtTrackerApp.swift; sourceTree = "<group>"; };
		1B2C3D4F2B1234567890ABCD /* ContentView.swift */ = {isa = PBXFileReference; lastKnownFileType = sourcecode.swift; path = ContentView.swift; sourceTree = "<group>"; };
		1B2C3D512B1234567890ABCD /* Assets.xcassets */ = {isa = PBXFileReference; lastKnownFileType = folder.assetcatalog; path = Assets.xcassets; sourceTree = "<group>"; };
		1B2C3D542B1234567890ABCD /* Preview Assets.xcassets */ = {isa = PBXFileReference; lastKnownFileType = folder.assetcatalog; path = "Preview Assets.xcassets"; sourceTree = "<group>"; };
		1B2C3D5B2B1234567890ABCE /* Debt.swift */ = {isa = PBXFileReference; lastKnownFileType = sourcecode.swift; path = Debt.swift; sourceTree = "<group>"; };
		1B2C3D5D2B1234567890ABCF /* DebtListView.swift */ = {isa = PBXFileReference; lastKnownFileType = sourcecode.swift; path = DebtListView.swift; sourceTree = "<group>"; };
		1B2C3D5F2B1234567890ABD0 /* AddDebtView.swift */ = {isa = PBXFileReference; lastKnownFileType = sourcecode.swift; path = AddDebtView.swift; sourceTree = "<group>"; };
		1B2C3D612B1234567890ABD1 /* DebtDetailView.swift */ = {isa = PBXFileReference; lastKnownFileType = sourcecode.swift; path = DebtDetailView.swift; sourceTree = "<group>"; };
		1B2C3D632B1234567890ABD2 /* DebtStore.swift */ = {isa = PBXFileReference; lastKnownFileType = sourcecode.swift; path = DebtStore.swift; sourceTree = "<group>"; };
/* End PBXFileReference section */

/* Begin PBXFrameworksBuildPhase section */
		1B2C3D472B1234567890ABCD /* Frameworks */ = {
			isa = PBXFrameworksBuildPhase;
			buildActionMask = 2147483647;
			files = (
			);
			runOnlyForDeploymentPostprocessing = 0;
		};
/* End PBXFrameworksBuildPhase section */

/* Begin PBXGroup section */
		1B2C3D412B1234567890ABCD = {
			isa = PBXGroup;
			children = (
				1B2C3D4C2B1234567890ABCD /* DebtTracker */,
				1B2C3D4B2B1234567890ABCD /* Products */,
			);
			sourceTree = "<group>";
		};
		1B2C3D4B2B1234567890ABCD /* Products */ = {
			isa = PBXGroup;
			children = (
				1B2C3D4A2B1234567890ABCD /* DebtTracker.app */,
			);
			name = Products;
			sourceTree = "<group>";
		};
		1B2C3D4C2B1234567890ABCD /* DebtTracker */ = {
			isa = PBXGroup;
			children = (
				1B2C3D4D2B1234567890ABCD /* DebtTrackerApp.swift */,
				167FB87C2E15796A00DD7BF4 /* UserSettings.swift */,
				1B2C3D4F2B1234567890ABCD /* ContentView.swift */,
				167FB87E2E15799900DD7BF4 /* LocalizationHelper.swift */,
				167FB8782E15784200DD7BF4 /* SettingsView.swift */,
				1B2C3D5B2B1234567890ABCE /* Debt.swift */,
				1B2C3D632B1234567890ABD2 /* DebtStore.swift */,
				1B2C3D5D2B1234567890ABCF /* DebtListView.swift */,
				1B2C3D5F2B1234567890ABD0 /* AddDebtView.swift */,
				1B2C3D612B1234567890ABD1 /* DebtDetailView.swift */,
				167FB8822E15E94300DD7BF4 /* NotificationManager.swift */,
				1B2C3D512B1234567890ABCD /* Assets.xcassets */,
				1B2C3D532B1234567890ABCD /* Preview Content */,
			);
			path = DebtTracker;
			sourceTree = "<group>";
		};
		1B2C3D532B1234567890ABCD /* Preview Content */ = {
			isa = PBXGroup;
			children = (
				1B2C3D542B1234567890ABCD /* Preview Assets.xcassets */,
			);
			path = "Preview Content";
			sourceTree = "<group>";
		};
/* End PBXGroup section */

/* Begin PBXNativeTarget section */
		1B2C3D492B1234567890ABCD /* DebtTracker */ = {
			isa = PBXNativeTarget;
			buildConfigurationList = 1B2C3D582B1234567890ABCD /* Build configuration list for PBXNativeTarget "DebtTracker" */;
			buildPhases = (
				1B2C3D462B1234567890ABCD /* Sources */,
				1B2C3D472B1234567890ABCD /* Frameworks */,
				1B2C3D482B1234567890ABCD /* Resources */,
			);
			buildRules = (
			);
			dependencies = (
			);
			name = DebtTracker;
			productName = DebtTracker;
			productReference = 1B2C3D4A2B1234567890ABCD /* DebtTracker.app */;
			productType = "com.apple.product-type.application";
		};
/* End PBXNativeTarget section */

/* Begin PBXProject section */
		1B2C3D422B1234567890ABCD /* Project object */ = {
			isa = PBXProject;
			attributes = {
				BuildIndependentTargetsInParallel = 1;
				LastSwiftUpdateCheck = 1500;
				LastUpgradeCheck = 1500;
				TargetAttributes = {
					1B2C3D492B1234567890ABCD = {
						CreatedOnToolsVersion = 15.0;
					};
				};
			};
			buildConfigurationList = 1B2C3D452B1234567890ABCD /* Build configuration list for PBXProject "DebtTracker" */;
			compatibilityVersion = "Xcode 14.0";
			developmentRegion = en;
			hasScannedForEncodings = 0;
			knownRegions = (
				en,
				Base,
			);
			mainGroup = 1B2C3D412B1234567890ABCD;
			productRefGroup = 1B2C3D4B2B1234567890ABCD /* Products */;
			projectDirPath = "";
			projectRoot = "";
			targets = (
				1B2C3D492B1234567890ABCD /* DebtTracker */,
			);
		};
/* End PBXProject section */

/* Begin PBXResourcesBuildPhase section */
		1B2C3D482B1234567890ABCD /* Resources */ = {
			isa = PBXResourcesBuildPhase;
			buildActionMask = 2147483647;
			files = (
				1B2C3D552B1234567890ABCD /* Preview Assets.xcassets in Resources */,
				1B2C3D522B1234567890ABCD /* Assets.xcassets in Resources */,
			);
			runOnlyForDeploymentPostprocessing = 0;
		};
/* End PBXResourcesBuildPhase section */

/* Begin PBXSourcesBuildPhase section */
		1B2C3D462B1234567890ABCD /* Sources */ = {
			isa = PBXSourcesBuildPhase;
			buildActionMask = 2147483647;
			files = (
				1B2C3D5C2B1234567890ABCE /* Debt.swift in Sources */,
				167FB8792E15784200DD7BF4 /* SettingsView.swift in Sources */,
				1B2C3D502B1234567890ABCD /* ContentView.swift in Sources */,
				1B2C3D5E2B1234567890ABCF /* DebtListView.swift in Sources */,
				167FB8832E15E94300DD7BF4 /* NotificationManager.swift in Sources */,
				167FB87F2E15799900DD7BF4 /* LocalizationHelper.swift in Sources */,
				167FB87D2E15796A00DD7BF4 /* UserSettings.swift in Sources */,
				1B2C3D602B1234567890ABD0 /* AddDebtView.swift in Sources */,
				1B2C3D622B1234567890ABD1 /* DebtDetailView.swift in Sources */,
				1B2C3D642B1234567890ABD2 /* DebtStore.swift in Sources */,
				1B2C3D4E2B1234567890ABCD /* DebtTrackerApp.swift in Sources */,
			);
			runOnlyForDeploymentPostprocessing = 0;
		};
/* End PBXSourcesBuildPhase section */

/* Begin XCBuildConfiguration section */
		1B2C3D562B1234567890ABCD /* Debug */ = {
			isa = XCBuildConfiguration;
			buildSettings = {
				ALWAYS_SEARCH_USER_PATHS = NO;
				ASSETCATALOG_COMPILER_GENERATE_SWIFT_ASSET_SYMBOL_EXTENSIONS = YES;
				CLANG_ANALYZER_NONNULL = YES;
				CLANG_ANALYZER_NUMBER_OBJECT_CONVERSION = YES_AGGRESSIVE;
				CLANG_CXX_LANGUAGE_STANDARD = "gnu++20";
				CLANG_ENABLE_MODULES = YES;
				CLANG_ENABLE_OBJC_ARC = YES;
				CLANG_ENABLE_OBJC_WEAK = YES;
				CLANG_WARN_BLOCK_CAPTURE_AUTORELEASING = YES;
				CLANG_WARN_BOOL_CONVERSION = YES;
				CLANG_WARN_COMMA = YES;
				CLANG_WARN_CONSTANT_CONVERSION = YES;
				CLANG_WARN_DEPRECATED_OBJC_IMPLEMENTATIONS = YES;
				CLANG_WARN_DIRECT_OBJC_ISA_USAGE = YES_ERROR;
				CLANG_WARN_DOCUMENTATION_COMMENTS = YES;
				CLANG_WARN_EMPTY_BODY = YES;
				CLANG_WARN_ENUM_CONVERSION = YES;
				CLANG_WARN_INFINITE_RECURSION = YES;
				CLANG_WARN_INT_CONVERSION = YES;
				CLANG_WARN_NON_LITERAL_NULL_CONVERSION = YES;
				CLANG_WARN_OBJC_IMPLICIT_RETAIN_SELF = YES;
				CLANG_WARN_OBJC_LITERAL_CONVERSION = YES;
				CLANG_WARN_OBJC_ROOT_CLASS = YES_ERROR;
				CLANG_WARN_QUOTED_INCLUDE_IN_FRAMEWORK_HEADER = YES;
				CLANG_WARN_RANGE_LOOP_ANALYSIS = YES;
				CLANG_WARN_STRICT_PROTOTYPES = YES;
				CLANG_WARN_SUSPICIOUS_MOVE = YES;
				CLANG_WARN_UNGUARDED_AVAILABILITY = YES_AGGRESSIVE;
				CLANG_WARN_UNREACHABLE_CODE = YES;
				CLANG_WARN__DUPLICATE_METHOD_MATCH = YES;
				COPY_PHASE_STRIP = NO;
				DEBUG_INFORMATION_FORMAT = dwarf;
				ENABLE_STRICT_OBJC_MSGSEND = YES;
				ENABLE_TESTABILITY = YES;
				ENABLE_USER_SCRIPT_SANDBOXING = YES;
				GCC_C_LANGUAGE_STANDARD = gnu17;
				GCC_DYNAMIC_NO_PIC = NO;
				GCC_NO_COMMON_BLOCKS = YES;
				GCC_OPTIMIZATION_LEVEL = 0;
				GCC_PREPROCESSOR_DEFINITIONS = (
					"DEBUG=1",
					"$(inherited)",
				);
				GCC_WARN_64_TO_32_BIT_CONVERSION = YES;
				GCC_WARN_ABOUT_RETURN_TYPE = YES_ERROR;
				GCC_WARN_UNDECLARED_SELECTOR = YES;
				GCC_WARN_UNINITIALIZED_AUTOS = YES_AGGRESSIVE;
				GCC_WARN_UNUSED_FUNCTION = YES;
				GCC_WARN_UNUSED_VARIABLE = YES;
				IPHONEOS_DEPLOYMENT_TARGET = 17.0;
				LOCALIZATION_PREFERS_STRING_CATALOGS = YES;
				MTL_ENABLE_DEBUG_INFO = INCLUDE_SOURCE;
				MTL_FAST_MATH = YES;
				ONLY_ACTIVE_ARCH = YES;
				SDKROOT = iphoneos;
				SWIFT_ACTIVE_COMPILATION_CONDITIONS = "DEBUG $(inherited)";
				SWIFT_OPTIMIZATION_LEVEL = "-Onone";
			};
			name = Debug;
		};
		1B2C3D572B1234567890ABCD /* Release */ = {
			isa = XCBuildConfiguration;
			buildSettings = {
				ALWAYS_SEARCH_USER_PATHS = NO;
				ASSETCATALOG_COMPILER_GENERATE_SWIFT_ASSET_SYMBOL_EXTENSIONS = YES;
				CLANG_ANALYZER_NONNULL = YES;
				CLANG_ANALYZER_NUMBER_OBJECT_CONVERSION = YES_AGGRESSIVE;
				CLANG_CXX_LANGUAGE_STANDARD = "gnu++20";
				CLANG_ENABLE_MODULES = YES;
				CLANG_ENABLE_OBJC_ARC = YES;
				CLANG_ENABLE_OBJC_WEAK = YES;
				CLANG_WARN_BLOCK_CAPTURE_AUTORELEASING = YES;
				CLANG_WARN_BOOL_CONVERSION = YES;
				CLANG_WARN_COMMA = YES;
				CLANG_WARN_CONSTANT_CONVERSION = YES;
				CLANG_WARN_DEPRECATED_OBJC_IMPLEMENTATIONS = YES;
				CLANG_WARN_DIRECT_OBJC_ISA_USAGE = YES_ERROR;
				CLANG_WARN_DOCUMENTATION_COMMENTS = YES;
				CLANG_WARN_EMPTY_BODY = YES;
				CLANG_WARN_ENUM_CONVERSION = YES;
				CLANG_WARN_INFINITE_RECURSION = YES;
				CLANG_WARN_INT_CONVERSION = YES;
				CLANG_WARN_NON_LITERAL_NULL_CONVERSION = YES;
				CLANG_WARN_OBJC_IMPLICIT_RETAIN_SELF = YES;
				CLANG_WARN_OBJC_LITERAL_CONVERSION = YES;
				CLANG_WARN_OBJC_ROOT_CLASS = YES_ERROR;
				CLANG_WARN_QUOTED_INCLUDE_IN_FRAMEWORK_HEADER = YES;
				CLANG_WARN_RANGE_LOOP_ANALYSIS = YES;
				CLANG_WARN_STRICT_PROTOTYPES = YES;
				CLANG_WARN_SUSPICIOUS_MOVE = YES;
				CLANG_WARN_UNGUARDED_AVAILABILITY = YES_AGGRESSIVE;
				CLANG_WARN_UNREACHABLE_CODE = YES;
				CLANG_WARN__DUPLICATE_METHOD_MATCH = YES;
				COPY_PHASE_STRIP = NO;
				DEBUG_INFORMATION_FORMAT = "dwarf-with-dsym";
				ENABLE_NS_ASSERTIONS = NO;
				ENABLE_STRICT_OBJC_MSGSEND = YES;
				ENABLE_USER_SCRIPT_SANDBOXING = YES;
				GCC_C_LANGUAGE_STANDARD = gnu17;
				GCC_NO_COMMON_BLOCKS = YES;
				GCC_WARN_64_TO_32_BIT_CONVERSION = YES;
				GCC_WARN_ABOUT_RETURN_TYPE = YES_ERROR;
				GCC_WARN_UNDECLARED_SELECTOR = YES;
				GCC_WARN_UNINITIALIZED_AUTOS = YES_AGGRESSIVE;
				GCC_WARN_UNUSED_FUNCTION = YES;
				GCC_WARN_UNUSED_VARIABLE = YES;
				IPHONEOS_DEPLOYMENT_TARGET = 17.0;
				LOCALIZATION_PREFERS_STRING_CATALOGS = YES;
				MTL_ENABLE_DEBUG_INFO = NO;
				MTL_FAST_MATH = YES;
				SDKROOT = iphoneos;
				SWIFT_COMPILATION_MODE = wholemodule;
				VALIDATE_PRODUCT = YES;
			};
			name = Release;
		};
		1B2C3D592B1234567890ABCD /* Debug */ = {
			isa = XCBuildConfiguration;
			buildSettings = {
				ASSETCATALOG_COMPILER_APPICON_NAME = AppIcon;
				ASSETCATALOG_COMPILER_GLOBAL_ACCENT_COLOR_NAME = AccentColor;
				CODE_SIGN_STYLE = Automatic;
				CURRENT_PROJECT_VERSION = 1;
				DEVELOPMENT_ASSET_PATHS = "\"DebtTracker/Preview Content\"";
				DEVELOPMENT_TEAM = FLB2U2JCVM;
				ENABLE_PREVIEWS = YES;
				GENERATE_INFOPLIST_FILE = YES;
				INFOPLIST_KEY_UIApplicationSceneManifest_Generation = YES;
				INFOPLIST_KEY_UIApplicationSupportsIndirectInputEvents = YES;
				INFOPLIST_KEY_UILaunchScreen_Generation = YES;
				INFOPLIST_KEY_UISupportedInterfaceOrientations_iPad = "UIInterfaceOrientationPortrait UIInterfaceOrientationPortraitUpsideDown UIInterfaceOrientationLandscapeLeft UIInterfaceOrientationLandscapeRight";
				INFOPLIST_KEY_UISupportedInterfaceOrientations_iPhone = "UIInterfaceOrientationPortrait UIInterfaceOrientationLandscapeLeft UIInterfaceOrientationLandscapeRight";
				LD_RUNPATH_SEARCH_PATHS = (
					"$(inherited)",
					"@executable_path/Frameworks",
				);
				MARKETING_VERSION = 1.0;
				PRODUCT_BUNDLE_IDENTIFIER = FN.debttracker;
				PRODUCT_NAME = "$(TARGET_NAME)";
				SWIFT_EMIT_LOC_STRINGS = YES;
				SWIFT_VERSION = 5.0;
				TARGETED_DEVICE_FAMILY = "1,2";
			};
			name = Debug;
		};
		1B2C3D5A2B1234567890ABCD /* Release */ = {
			isa = XCBuildConfiguration;
			buildSettings = {
				ASSETCATALOG_COMPILER_APPICON_NAME = AppIcon;
				ASSETCATALOG_COMPILER_GLOBAL_ACCENT_COLOR_NAME = AccentColor;
				CODE_SIGN_STYLE = Automatic;
				CURRENT_PROJECT_VERSION = 1;
				DEVELOPMENT_ASSET_PATHS = "\"DebtTracker/Preview Content\"";
				DEVELOPMENT_TEAM = FLB2U2JCVM;
				ENABLE_PREVIEWS = YES;
				GENERATE_INFOPLIST_FILE = YES;
				INFOPLIST_KEY_UIApplicationSceneManifest_Generation = YES;
				INFOPLIST_KEY_UIApplicationSupportsIndirectInputEvents = YES;
				INFOPLIST_KEY_UILaunchScreen_Generation = YES;
				INFOPLIST_KEY_UISupportedInterfaceOrientations_iPad = "UIInterfaceOrientationPortrait UIInterfaceOrientationPortraitUpsideDown UIInterfaceOrientationLandscapeLeft UIInterfaceOrientationLandscapeRight";
				INFOPLIST_KEY_UISupportedInterfaceOrientations_iPhone = "UIInterfaceOrientationPortrait UIInterfaceOrientationLandscapeLeft UIInterfaceOrientationLandscapeRight";
				LD_RUNPATH_SEARCH_PATHS = (
					"$(inherited)",
					"@executable_path/Frameworks",
				);
				MARKETING_VERSION = 1.0;
				PRODUCT_BUNDLE_IDENTIFIER = FN.debttracker;
				PRODUCT_NAME = "$(TARGET_NAME)";
				SWIFT_EMIT_LOC_STRINGS = YES;
				SWIFT_VERSION = 5.0;
				TARGETED_DEVICE_FAMILY = "1,2";
			};
			name = Release;
		};
/* End XCBuildConfiguration section */

/* Begin XCConfigurationList section */
		1B2C3D452B1234567890ABCD /* Build configuration list for PBXProject "DebtTracker" */ = {
			isa = XCConfigurationList;
			buildConfigurations = (
				1B2C3D562B1234567890ABCD /* Debug */,
				1B2C3D572B1234567890ABCD /* Release */,
			);
			defaultConfigurationIsVisible = 0;
			defaultConfigurationName = Release;
		};
		1B2C3D582B1234567890ABCD /* Build configuration list for PBXNativeTarget "DebtTracker" */ = {
			isa = XCConfigurationList;
			buildConfigurations = (
				1B2C3D592B1234567890ABCD /* Debug */,
				1B2C3D5A2B1234567890ABCD /* Release */,
			);
			defaultConfigurationIsVisible = 0;
			defaultConfigurationName = Release;
		};
/* End XCConfigurationList section */
	};
	rootObject = 1B2C3D422B1234567890ABCD /* Project object */;
}
